
Microsoft Visual Studio Solution File, Format Version 12.00
# Visual Studio Version 17
VisualStudioVersion = 17.7.34031.279
MinimumVisualStudioVersion = 10.0.40219.1
Project("{FAE04EC0-301F-11D3-BF4B-00C04F79EFBC}") = "Pool-Club-Project", "Pool-Club-Project.csproj", "{FE3F74A7-3A80-439F-9F3A-74D064385379}"
EndProject
Global
	GlobalSection(SolutionConfigurationPlatforms) = preSolution
		Debug|Any CPU = Debug|Any CPU
		Release|Any CPU = Release|Any CPU
	EndGlobalSection
	GlobalSection(ProjectConfigurationPlatforms) = postSolution
		{FE3F74A7-3A80-439F-9F3A-74D064385379}.Debug|Any CPU.ActiveCfg = Debug|Any CPU
		{FE3F74A7-3A80-439F-9F3A-74D064385379}.Debug|Any CPU.Build.0 = Debug|Any CPU
		{FE3F74A7-3A80-439F-9F3A-74D064385379}.Release|Any CPU.ActiveCfg = Release|Any CPU
		{FE3F74A7-3A80-439F-9F3A-74D064385379}.Release|Any CPU.Build.0 = Release|Any CPU
	EndGlobalSection
	GlobalSection(SolutionProperties) = preSolution
		HideSolutionNode = FALSE
	EndGlobalSection
	GlobalSection(ExtensibilityGlobals) = postSolution
		SolutionGuid = {E2664179-1A0A-4557-9775-3894B3147037}
	EndGlobalSection
EndGlobal
